
Microsoft Visual Studio Solution File, Format Version 12.00
# Visual Studio Version 17
VisualStudioVersion = 17.8.34511.84
MinimumVisualStudioVersion = 10.0.40219.1
Project("{FAE04EC0-301F-11D3-BF4B-00C04F79EFBC}") = "WindowsFormsAppPractic1ex6SP", "WindowsFormsAppPractic1ex6SP.csproj", "{5A5A7E96-ABB5-4C30-812B-B81FE5F0375A}"
EndProject
Global
	GlobalSection(SolutionConfigurationPlatforms) = preSolution
		Debug|Any CPU = Debug|Any CPU
		Release|Any CPU = Release|Any CPU
	EndGlobalSection
	GlobalSection(ProjectConfigurationPlatforms) = postSolution
		{5A5A7E96-ABB5-4C30-812B-B81FE5F0375A}.Debug|Any CPU.ActiveCfg = Debug|Any CPU
		{5A5A7E96-ABB5-4C30-812B-B81FE5F0375A}.Debug|Any CPU.Build.0 = Debug|Any CPU
		{5A5A7E96-ABB5-4C30-812B-B81FE5F0375A}.Release|Any CPU.ActiveCfg = Release|Any CPU
		{5A5A7E96-ABB5-4C30-812B-B81FE5F0375A}.Release|Any CPU.Build.0 = Release|Any CPU
	EndGlobalSection
	GlobalSection(SolutionProperties) = preSolution
		HideSolutionNode = FALSE
	EndGlobalSection
	GlobalSection(ExtensibilityGlobals) = postSolution
		SolutionGuid = {D4D3F8A5-01FC-4BE4-A9DA-9AAB15C7A80B}
	EndGlobalSection
EndGlobal
